// !$*UTF8*$!
{
	archiveVersion = 1;
	classes = {
	};
	objectVersion = 56;
	objects = {

/* Begin PBXBuildFile section */
		9891761D29E80211000002A4 /* AppDelegate.swift in Sources */ = {isa = PBXBuildFile; fileRef = 9891761C29E80211000002A4 /* AppDelegate.swift */; };
		9891761F29E80211000002A4 /* SceneDelegate.swift in Sources */ = {isa = PBXBuildFile; fileRef = 9891761E29E80211000002A4 /* SceneDelegate.swift */; };
		9891762629E80212000002A4 /* Assets.xcassets in Resources */ = {isa = PBXBuildFile; fileRef = 9891762529E80212000002A4 /* Assets.xcassets */; };
		9891762929E80212000002A4 /* LaunchScreen.storyboard in Resources */ = {isa = PBXBuildFile; fileRef = 9891762729E80212000002A4 /* LaunchScreen.storyboard */; };
		9891763429E80212000002A4 /* AdoptListUIIntegrationTests.swift in Sources */ = {isa = PBXBuildFile; fileRef = 9891763329E80212000002A4 /* AdoptListUIIntegrationTests.swift */; };
		9891764E29E89B08000002A4 /* Pet.swift in Sources */ = {isa = PBXBuildFile; fileRef = 9891764D29E89B08000002A4 /* Pet.swift */; };
		9891765029E89B35000002A4 /* AdoptListRequest.swift in Sources */ = {isa = PBXBuildFile; fileRef = 9891764F29E89B35000002A4 /* AdoptListRequest.swift */; };
		9891765229E89B55000002A4 /* PetLoader.swift in Sources */ = {isa = PBXBuildFile; fileRef = 9891765129E89B55000002A4 /* PetLoader.swift */; };
		9891765529E89BA5000002A4 /* AdoptListCell.swift in Sources */ = {isa = PBXBuildFile; fileRef = 9891765429E89BA5000002A4 /* AdoptListCell.swift */; };
		9891765729E89BC6000002A4 /* AdoptListViewController.swift in Sources */ = {isa = PBXBuildFile; fileRef = 9891765629E89BC6000002A4 /* AdoptListViewController.swift */; };
		9891765A29E89BFD000002A4 /* StringProtocol+Extension.swift in Sources */ = {isa = PBXBuildFile; fileRef = 9891765929E89BFD000002A4 /* StringProtocol+Extension.swift */; };
		9891765C29E90FB2000002A4 /* UIView+Extension.swift in Sources */ = {isa = PBXBuildFile; fileRef = 9891765B29E90FB2000002A4 /* UIView+Extension.swift */; };
		9891765E29E91C9D000002A4 /* PetImageDataLoader.swift in Sources */ = {isa = PBXBuildFile; fileRef = 9891765D29E91C9D000002A4 /* PetImageDataLoader.swift */; };
		9891766029E98563000002A4 /* AdoptListViewModel.swift in Sources */ = {isa = PBXBuildFile; fileRef = 9891765F29E98563000002A4 /* AdoptListViewModel.swift */; };
		9891766229E99A20000002A4 /* AdoptListCellViewModel.swift in Sources */ = {isa = PBXBuildFile; fileRef = 9891766129E99A20000002A4 /* AdoptListCellViewModel.swift */; };
		9891766429E99A44000002A4 /* AdoptListCellViewController.swift in Sources */ = {isa = PBXBuildFile; fileRef = 9891766329E99A44000002A4 /* AdoptListCellViewController.swift */; };
		9891766A29E99C13000002A4 /* AdoptListUIComposer.swift in Sources */ = {isa = PBXBuildFile; fileRef = 9891766929E99C13000002A4 /* AdoptListUIComposer.swift */; };
		9891766C29EC0A60000002A4 /* UICollectionView+Extension.swift in Sources */ = {isa = PBXBuildFile; fileRef = 9891766B29EC0A60000002A4 /* UICollectionView+Extension.swift */; };
		9891766E29EC0AB0000002A4 /* UICollectionViewCell+Extension.swift in Sources */ = {isa = PBXBuildFile; fileRef = 9891766D29EC0AB0000002A4 /* UICollectionViewCell+Extension.swift */; };
		9891767F29EC8566000002A4 /* RemotePetLoaderTests.swift in Sources */ = {isa = PBXBuildFile; fileRef = 9891767E29EC8566000002A4 /* RemotePetLoaderTests.swift */; };
		9891768229EC945F000002A4 /* XCTestCase+MemoryLeakTracking.swift in Sources */ = {isa = PBXBuildFile; fileRef = 9891768129EC945F000002A4 /* XCTestCase+MemoryLeakTracking.swift */; };
		9891768729ECBAE1000002A4 /* HTTPClient.swift in Sources */ = {isa = PBXBuildFile; fileRef = 9891768629ECBAE1000002A4 /* HTTPClient.swift */; };
		9891768929ECBB01000002A4 /* RemotePetLoader.swift in Sources */ = {isa = PBXBuildFile; fileRef = 9891768829ECBB01000002A4 /* RemotePetLoader.swift */; };
		9891768B29ECBB4C000002A4 /* RemotePet.swift in Sources */ = {isa = PBXBuildFile; fileRef = 9891768A29ECBB4C000002A4 /* RemotePet.swift */; };
		9891768D29ED3BED000002A4 /* PetsMapper.swift in Sources */ = {isa = PBXBuildFile; fileRef = 9891768C29ED3BED000002A4 /* PetsMapper.swift */; };
		9891769129ED42A9000002A4 /* URLSessionHTTPClientTests.swift in Sources */ = {isa = PBXBuildFile; fileRef = 9891769029ED42A9000002A4 /* URLSessionHTTPClientTests.swift */; };
		9891769329EE84B4000002A4 /* URLSessionHTTPClient.swift in Sources */ = {isa = PBXBuildFile; fileRef = 9891769229EE84B4000002A4 /* URLSessionHTTPClient.swift */; };
		989176A829EE9E94000002A4 /* AdoptListAPIEndToEndTests.swift in Sources */ = {isa = PBXBuildFile; fileRef = 989176A729EE9E94000002A4 /* AdoptListAPIEndToEndTests.swift */; };
		989176AF29EFCBFE000002A4 /* RemotePetImageDataLoaderTests.swift in Sources */ = {isa = PBXBuildFile; fileRef = 989176AE29EFCBFE000002A4 /* RemotePetImageDataLoaderTests.swift */; };
		989176B129EFEC95000002A4 /* SharedTestHelpers.swift in Sources */ = {isa = PBXBuildFile; fileRef = 989176B029EFEC95000002A4 /* SharedTestHelpers.swift */; };
		989176B329F092F2000002A4 /* HTTPClientSpy.swift in Sources */ = {isa = PBXBuildFile; fileRef = 989176B229F092F2000002A4 /* HTTPClientSpy.swift */; };
		989176B529F10505000002A4 /* RemotePetImageDataLoader.swift in Sources */ = {isa = PBXBuildFile; fileRef = 989176B429F10505000002A4 /* RemotePetImageDataLoader.swift */; };
		989176B629F11C03000002A4 /* XCTestCase+MemoryLeakTracking.swift in Sources */ = {isa = PBXBuildFile; fileRef = 9891768129EC945F000002A4 /* XCTestCase+MemoryLeakTracking.swift */; };
		989176B929F1214C000002A4 /* URLProtocolStub.swift in Sources */ = {isa = PBXBuildFile; fileRef = 989176B829F1214C000002A4 /* URLProtocolStub.swift */; };
		989176BC29F121B4000002A4 /* PetLoaderSpy.swift in Sources */ = {isa = PBXBuildFile; fileRef = 989176BB29F121B4000002A4 /* PetLoaderSpy.swift */; };
		989176BE29F1220B000002A4 /* AdoptListViewController+TestHelpers.swift in Sources */ = {isa = PBXBuildFile; fileRef = 989176BD29F1220B000002A4 /* AdoptListViewController+TestHelpers.swift */; };
		989176C029F1228A000002A4 /* AdoptListCell+TestHelpers.swift in Sources */ = {isa = PBXBuildFile; fileRef = 989176BF29F1228A000002A4 /* AdoptListCell+TestHelpers.swift */; };
		989176C229F122C1000002A4 /* UIRefreshControl+TestHelpers.swift in Sources */ = {isa = PBXBuildFile; fileRef = 989176C129F122C1000002A4 /* UIRefreshControl+TestHelpers.swift */; };
		989176C429F122D3000002A4 /* UIButton+TestHelpers.swift in Sources */ = {isa = PBXBuildFile; fileRef = 989176C329F122D3000002A4 /* UIButton+TestHelpers.swift */; };
		989176C629F122E8000002A4 /* UIImage+TestHelpers.swift in Sources */ = {isa = PBXBuildFile; fileRef = 989176C529F122E8000002A4 /* UIImage+TestHelpers.swift */; };
		98F23B1C29F5A81C00E7FCB0 /* AdoptListPaginationViewController.swift in Sources */ = {isa = PBXBuildFile; fileRef = 98F23B1B29F5A81C00E7FCB0 /* AdoptListPaginationViewController.swift */; };
		98F23B1E29F5A85A00E7FCB0 /* AdoptListPaginationViewModel.swift in Sources */ = {isa = PBXBuildFile; fileRef = 98F23B1D29F5A85A00E7FCB0 /* AdoptListPaginationViewModel.swift */; };
		98F23B2029F64A5D00E7FCB0 /* UIColor+Extension.swift in Sources */ = {isa = PBXBuildFile; fileRef = 98F23B1F29F64A5D00E7FCB0 /* UIColor+Extension.swift */; };
		98F23B2229F6742400E7FCB0 /* ErrorView.swift in Sources */ = {isa = PBXBuildFile; fileRef = 98F23B2129F6742400E7FCB0 /* ErrorView.swift */; };
		98F23B2529F6863D00E7FCB0 /* Constants.swift in Sources */ = {isa = PBXBuildFile; fileRef = 98F23B2429F6863D00E7FCB0 /* Constants.swift */; };
/* End PBXBuildFile section */

/* Begin PBXContainerItemProxy section */
		9891763029E80212000002A4 /* PBXContainerItemProxy */ = {
			isa = PBXContainerItemProxy;
			containerPortal = 9891761129E80211000002A4 /* Project object */;
			proxyType = 1;
			remoteGlobalIDString = 9891761829E80211000002A4;
			remoteInfo = FindYourOnlysClone;
		};
		989176A929EE9E94000002A4 /* PBXContainerItemProxy */ = {
			isa = PBXContainerItemProxy;
			containerPortal = 9891761129E80211000002A4 /* Project object */;
			proxyType = 1;
			remoteGlobalIDString = 9891761829E80211000002A4;
			remoteInfo = FindYourOnlysClone;
		};
/* End PBXContainerItemProxy section */

/* Begin PBXFileReference section */
		9891761929E80211000002A4 /* FindYourOnlysClone.app */ = {isa = PBXFileReference; explicitFileType = wrapper.application; includeInIndex = 0; path = FindYourOnlysClone.app; sourceTree = BUILT_PRODUCTS_DIR; };
		9891761C29E80211000002A4 /* AppDelegate.swift */ = {isa = PBXFileReference; lastKnownFileType = sourcecode.swift; path = AppDelegate.swift; sourceTree = "<group>"; };
		9891761E29E80211000002A4 /* SceneDelegate.swift */ = {isa = PBXFileReference; lastKnownFileType = sourcecode.swift; path = SceneDelegate.swift; sourceTree = "<group>"; };
		9891762529E80212000002A4 /* Assets.xcassets */ = {isa = PBXFileReference; lastKnownFileType = folder.assetcatalog; path = Assets.xcassets; sourceTree = "<group>"; };
		9891762829E80212000002A4 /* Base */ = {isa = PBXFileReference; lastKnownFileType = file.storyboard; name = Base; path = Base.lproj/LaunchScreen.storyboard; sourceTree = "<group>"; };
		9891762A29E80212000002A4 /* Info.plist */ = {isa = PBXFileReference; lastKnownFileType = text.plist.xml; path = Info.plist; sourceTree = "<group>"; };
		9891762F29E80212000002A4 /* FindYourOnlysCloneTests.xctest */ = {isa = PBXFileReference; explicitFileType = wrapper.cfbundle; includeInIndex = 0; path = FindYourOnlysCloneTests.xctest; sourceTree = BUILT_PRODUCTS_DIR; };
		9891763329E80212000002A4 /* AdoptListUIIntegrationTests.swift */ = {isa = PBXFileReference; lastKnownFileType = sourcecode.swift; path = AdoptListUIIntegrationTests.swift; sourceTree = "<group>"; };
		9891764D29E89B08000002A4 /* Pet.swift */ = {isa = PBXFileReference; lastKnownFileType = sourcecode.swift; path = Pet.swift; sourceTree = "<group>"; };
		9891764F29E89B35000002A4 /* AdoptListRequest.swift */ = {isa = PBXFileReference; lastKnownFileType = sourcecode.swift; path = AdoptListRequest.swift; sourceTree = "<group>"; };
		9891765129E89B55000002A4 /* PetLoader.swift */ = {isa = PBXFileReference; lastKnownFileType = sourcecode.swift; path = PetLoader.swift; sourceTree = "<group>"; };
		9891765429E89BA5000002A4 /* AdoptListCell.swift */ = {isa = PBXFileReference; lastKnownFileType = sourcecode.swift; path = AdoptListCell.swift; sourceTree = "<group>"; };
		9891765629E89BC6000002A4 /* AdoptListViewController.swift */ = {isa = PBXFileReference; lastKnownFileType = sourcecode.swift; path = AdoptListViewController.swift; sourceTree = "<group>"; };
		9891765929E89BFD000002A4 /* StringProtocol+Extension.swift */ = {isa = PBXFileReference; lastKnownFileType = sourcecode.swift; path = "StringProtocol+Extension.swift"; sourceTree = "<group>"; };
		9891765B29E90FB2000002A4 /* UIView+Extension.swift */ = {isa = PBXFileReference; lastKnownFileType = sourcecode.swift; path = "UIView+Extension.swift"; sourceTree = "<group>"; };
		9891765D29E91C9D000002A4 /* PetImageDataLoader.swift */ = {isa = PBXFileReference; lastKnownFileType = sourcecode.swift; path = PetImageDataLoader.swift; sourceTree = "<group>"; };
		9891765F29E98563000002A4 /* AdoptListViewModel.swift */ = {isa = PBXFileReference; lastKnownFileType = sourcecode.swift; path = AdoptListViewModel.swift; sourceTree = "<group>"; };
		9891766129E99A20000002A4 /* AdoptListCellViewModel.swift */ = {isa = PBXFileReference; lastKnownFileType = sourcecode.swift; path = AdoptListCellViewModel.swift; sourceTree = "<group>"; };
		9891766329E99A44000002A4 /* AdoptListCellViewController.swift */ = {isa = PBXFileReference; lastKnownFileType = sourcecode.swift; path = AdoptListCellViewController.swift; sourceTree = "<group>"; };
		9891766929E99C13000002A4 /* AdoptListUIComposer.swift */ = {isa = PBXFileReference; lastKnownFileType = sourcecode.swift; path = AdoptListUIComposer.swift; sourceTree = "<group>"; };
		9891766B29EC0A60000002A4 /* UICollectionView+Extension.swift */ = {isa = PBXFileReference; lastKnownFileType = sourcecode.swift; path = "UICollectionView+Extension.swift"; sourceTree = "<group>"; };
		9891766D29EC0AB0000002A4 /* UICollectionViewCell+Extension.swift */ = {isa = PBXFileReference; lastKnownFileType = sourcecode.swift; path = "UICollectionViewCell+Extension.swift"; sourceTree = "<group>"; };
		9891767E29EC8566000002A4 /* RemotePetLoaderTests.swift */ = {isa = PBXFileReference; lastKnownFileType = sourcecode.swift; path = RemotePetLoaderTests.swift; sourceTree = "<group>"; };
		9891768129EC945F000002A4 /* XCTestCase+MemoryLeakTracking.swift */ = {isa = PBXFileReference; lastKnownFileType = sourcecode.swift; path = "XCTestCase+MemoryLeakTracking.swift"; sourceTree = "<group>"; };
		9891768629ECBAE1000002A4 /* HTTPClient.swift */ = {isa = PBXFileReference; lastKnownFileType = sourcecode.swift; path = HTTPClient.swift; sourceTree = "<group>"; };
		9891768829ECBB01000002A4 /* RemotePetLoader.swift */ = {isa = PBXFileReference; lastKnownFileType = sourcecode.swift; path = RemotePetLoader.swift; sourceTree = "<group>"; };
		9891768A29ECBB4C000002A4 /* RemotePet.swift */ = {isa = PBXFileReference; lastKnownFileType = sourcecode.swift; path = RemotePet.swift; sourceTree = "<group>"; };
		9891768C29ED3BED000002A4 /* PetsMapper.swift */ = {isa = PBXFileReference; lastKnownFileType = sourcecode.swift; path = PetsMapper.swift; sourceTree = "<group>"; };
		9891769029ED42A9000002A4 /* URLSessionHTTPClientTests.swift */ = {isa = PBXFileReference; lastKnownFileType = sourcecode.swift; path = URLSessionHTTPClientTests.swift; sourceTree = "<group>"; };
		9891769229EE84B4000002A4 /* URLSessionHTTPClient.swift */ = {isa = PBXFileReference; lastKnownFileType = sourcecode.swift; path = URLSessionHTTPClient.swift; sourceTree = "<group>"; };
		989176A529EE9E94000002A4 /* FindYourOnlysCloneAPIEndToEndTests.xctest */ = {isa = PBXFileReference; explicitFileType = wrapper.cfbundle; includeInIndex = 0; path = FindYourOnlysCloneAPIEndToEndTests.xctest; sourceTree = BUILT_PRODUCTS_DIR; };
		989176A729EE9E94000002A4 /* AdoptListAPIEndToEndTests.swift */ = {isa = PBXFileReference; lastKnownFileType = sourcecode.swift; path = AdoptListAPIEndToEndTests.swift; sourceTree = "<group>"; };
		989176AE29EFCBFE000002A4 /* RemotePetImageDataLoaderTests.swift */ = {isa = PBXFileReference; lastKnownFileType = sourcecode.swift; path = RemotePetImageDataLoaderTests.swift; sourceTree = "<group>"; };
		989176B029EFEC95000002A4 /* SharedTestHelpers.swift */ = {isa = PBXFileReference; lastKnownFileType = sourcecode.swift; path = SharedTestHelpers.swift; sourceTree = "<group>"; };
		989176B229F092F2000002A4 /* HTTPClientSpy.swift */ = {isa = PBXFileReference; lastKnownFileType = sourcecode.swift; path = HTTPClientSpy.swift; sourceTree = "<group>"; };
		989176B429F10505000002A4 /* RemotePetImageDataLoader.swift */ = {isa = PBXFileReference; lastKnownFileType = sourcecode.swift; path = RemotePetImageDataLoader.swift; sourceTree = "<group>"; };
		989176B829F1214C000002A4 /* URLProtocolStub.swift */ = {isa = PBXFileReference; lastKnownFileType = sourcecode.swift; path = URLProtocolStub.swift; sourceTree = "<group>"; };
		989176BB29F121B4000002A4 /* PetLoaderSpy.swift */ = {isa = PBXFileReference; lastKnownFileType = sourcecode.swift; path = PetLoaderSpy.swift; sourceTree = "<group>"; };
		989176BD29F1220B000002A4 /* AdoptListViewController+TestHelpers.swift */ = {isa = PBXFileReference; lastKnownFileType = sourcecode.swift; path = "AdoptListViewController+TestHelpers.swift"; sourceTree = "<group>"; };
		989176BF29F1228A000002A4 /* AdoptListCell+TestHelpers.swift */ = {isa = PBXFileReference; lastKnownFileType = sourcecode.swift; path = "AdoptListCell+TestHelpers.swift"; sourceTree = "<group>"; };
		989176C129F122C1000002A4 /* UIRefreshControl+TestHelpers.swift */ = {isa = PBXFileReference; lastKnownFileType = sourcecode.swift; path = "UIRefreshControl+TestHelpers.swift"; sourceTree = "<group>"; };
		989176C329F122D3000002A4 /* UIButton+TestHelpers.swift */ = {isa = PBXFileReference; lastKnownFileType = sourcecode.swift; path = "UIButton+TestHelpers.swift"; sourceTree = "<group>"; };
		989176C529F122E8000002A4 /* UIImage+TestHelpers.swift */ = {isa = PBXFileReference; lastKnownFileType = sourcecode.swift; path = "UIImage+TestHelpers.swift"; sourceTree = "<group>"; };
		98F23B1B29F5A81C00E7FCB0 /* AdoptListPaginationViewController.swift */ = {isa = PBXFileReference; lastKnownFileType = sourcecode.swift; path = AdoptListPaginationViewController.swift; sourceTree = "<group>"; };
		98F23B1D29F5A85A00E7FCB0 /* AdoptListPaginationViewModel.swift */ = {isa = PBXFileReference; lastKnownFileType = sourcecode.swift; path = AdoptListPaginationViewModel.swift; sourceTree = "<group>"; };
		98F23B1F29F64A5D00E7FCB0 /* UIColor+Extension.swift */ = {isa = PBXFileReference; lastKnownFileType = sourcecode.swift; path = "UIColor+Extension.swift"; sourceTree = "<group>"; };
		98F23B2129F6742400E7FCB0 /* ErrorView.swift */ = {isa = PBXFileReference; lastKnownFileType = sourcecode.swift; path = ErrorView.swift; sourceTree = "<group>"; };
		98F23B2429F6863D00E7FCB0 /* Constants.swift */ = {isa = PBXFileReference; lastKnownFileType = sourcecode.swift; path = Constants.swift; sourceTree = "<group>"; };
/* End PBXFileReference section */

/* Begin PBXFrameworksBuildPhase section */
		9891761629E80211000002A4 /* Frameworks */ = {
			isa = PBXFrameworksBuildPhase;
			buildActionMask = 2147483647;
			files = (
			);
			runOnlyForDeploymentPostprocessing = 0;
		};
		9891762C29E80212000002A4 /* Frameworks */ = {
			isa = PBXFrameworksBuildPhase;
			buildActionMask = 2147483647;
			files = (
			);
			runOnlyForDeploymentPostprocessing = 0;
		};
		989176A229EE9E94000002A4 /* Frameworks */ = {
			isa = PBXFrameworksBuildPhase;
			buildActionMask = 2147483647;
			files = (
			);
			runOnlyForDeploymentPostprocessing = 0;
		};
/* End PBXFrameworksBuildPhase section */

/* Begin PBXGroup section */
		9891761029E80211000002A4 = {
			isa = PBXGroup;
			children = (
				9891761B29E80211000002A4 /* FindYourOnlysClone */,
				9891763229E80212000002A4 /* FindYourOnlysCloneTests */,
				989176A629EE9E94000002A4 /* FindYourOnlysCloneAPIEndToEndTests */,
				9891761A29E80211000002A4 /* Products */,
			);
			sourceTree = "<group>";
		};
		9891761A29E80211000002A4 /* Products */ = {
			isa = PBXGroup;
			children = (
				9891761929E80211000002A4 /* FindYourOnlysClone.app */,
				9891762F29E80212000002A4 /* FindYourOnlysCloneTests.xctest */,
				989176A529EE9E94000002A4 /* FindYourOnlysCloneAPIEndToEndTests.xctest */,
			);
			name = Products;
			sourceTree = "<group>";
		};
		9891761B29E80211000002A4 /* FindYourOnlysClone */ = {
			isa = PBXGroup;
			children = (
				9891761C29E80211000002A4 /* AppDelegate.swift */,
				9891761E29E80211000002A4 /* SceneDelegate.swift */,
				9891766929E99C13000002A4 /* AdoptListUIComposer.swift */,
				9891767A29EC8412000002A4 /* Adopt List */,
				9891762529E80212000002A4 /* Assets.xcassets */,
				9891762729E80212000002A4 /* LaunchScreen.storyboard */,
				9891762A29E80212000002A4 /* Info.plist */,
			);
			path = FindYourOnlysClone;
			sourceTree = "<group>";
		};
		9891763229E80212000002A4 /* FindYourOnlysCloneTests */ = {
			isa = PBXGroup;
			children = (
				9891768029EC9449000002A4 /* Helpers */,
				9891767B29EC84E8000002A4 /* Adopt List */,
			);
			path = FindYourOnlysCloneTests;
			sourceTree = "<group>";
		};
		9891764C29E89AE2000002A4 /* Feature */ = {
			isa = PBXGroup;
			children = (
				9891765129E89B55000002A4 /* PetLoader.swift */,
				9891764D29E89B08000002A4 /* Pet.swift */,
				9891764F29E89B35000002A4 /* AdoptListRequest.swift */,
				9891765D29E91C9D000002A4 /* PetImageDataLoader.swift */,
			);
			path = Feature;
			sourceTree = "<group>";
		};
		9891765329E89B96000002A4 /* UI */ = {
			isa = PBXGroup;
			children = (
				98F23B2329F6862500E7FCB0 /* Helpers */,
				9891766729E99A91000002A4 /* ViewModel */,
				9891766629E99A87000002A4 /* View */,
				9891766529E99A7C000002A4 /* Controller */,
			);
			path = UI;
			sourceTree = "<group>";
		};
		9891766529E99A7C000002A4 /* Controller */ = {
			isa = PBXGroup;
			children = (
				9891765629E89BC6000002A4 /* AdoptListViewController.swift */,
				98F23B1B29F5A81C00E7FCB0 /* AdoptListPaginationViewController.swift */,
				9891766329E99A44000002A4 /* AdoptListCellViewController.swift */,
			);
			path = Controller;
			sourceTree = "<group>";
		};
		9891766629E99A87000002A4 /* View */ = {
			isa = PBXGroup;
			children = (
				9891765429E89BA5000002A4 /* AdoptListCell.swift */,
				98F23B2129F6742400E7FCB0 /* ErrorView.swift */,
			);
			path = View;
			sourceTree = "<group>";
		};
		9891766729E99A91000002A4 /* ViewModel */ = {
			isa = PBXGroup;
			children = (
				9891765F29E98563000002A4 /* AdoptListViewModel.swift */,
				98F23B1D29F5A85A00E7FCB0 /* AdoptListPaginationViewModel.swift */,
				9891766129E99A20000002A4 /* AdoptListCellViewModel.swift */,
			);
			path = ViewModel;
			sourceTree = "<group>";
		};
		9891767A29EC8412000002A4 /* Adopt List */ = {
			isa = PBXGroup;
			children = (
				9891765329E89B96000002A4 /* UI */,
				9891764C29E89AE2000002A4 /* Feature */,
				9891768529ECBAD6000002A4 /* API */,
			);
			path = "Adopt List";
			sourceTree = "<group>";
		};
		9891767B29EC84E8000002A4 /* Adopt List */ = {
			isa = PBXGroup;
			children = (
				9891767C29EC8506000002A4 /* UI */,
				9891767D29EC8547000002A4 /* API */,
			);
			path = "Adopt List";
			sourceTree = "<group>";
		};
		9891767C29EC8506000002A4 /* UI */ = {
			isa = PBXGroup;
			children = (
				989176BA29F121AD000002A4 /* Helpers */,
				9891763329E80212000002A4 /* AdoptListUIIntegrationTests.swift */,
			);
			path = UI;
			sourceTree = "<group>";
		};
		9891767D29EC8547000002A4 /* API */ = {
			isa = PBXGroup;
			children = (
				989176B729F12126000002A4 /* Helpers */,
				9891767E29EC8566000002A4 /* RemotePetLoaderTests.swift */,
				989176AE29EFCBFE000002A4 /* RemotePetImageDataLoaderTests.swift */,
				9891769029ED42A9000002A4 /* URLSessionHTTPClientTests.swift */,
			);
			path = API;
			sourceTree = "<group>";
		};
		9891768029EC9449000002A4 /* Helpers */ = {
			isa = PBXGroup;
			children = (
				9891768129EC945F000002A4 /* XCTestCase+MemoryLeakTracking.swift */,
			);
			path = Helpers;
			sourceTree = "<group>";
		};
		9891768529ECBAD6000002A4 /* API */ = {
			isa = PBXGroup;
			children = (
				9891768629ECBAE1000002A4 /* HTTPClient.swift */,
				9891769229EE84B4000002A4 /* URLSessionHTTPClient.swift */,
				9891768829ECBB01000002A4 /* RemotePetLoader.swift */,
				9891768C29ED3BED000002A4 /* PetsMapper.swift */,
				9891768A29ECBB4C000002A4 /* RemotePet.swift */,
				989176B429F10505000002A4 /* RemotePetImageDataLoader.swift */,
			);
			path = API;
			sourceTree = "<group>";
		};
		989176A629EE9E94000002A4 /* FindYourOnlysCloneAPIEndToEndTests */ = {
			isa = PBXGroup;
			children = (
				989176A729EE9E94000002A4 /* AdoptListAPIEndToEndTests.swift */,
			);
			path = FindYourOnlysCloneAPIEndToEndTests;
			sourceTree = "<group>";
		};
		989176B729F12126000002A4 /* Helpers */ = {
			isa = PBXGroup;
			children = (
				989176BB29F121B4000002A4 /* PetLoaderSpy.swift */,
				989176B229F092F2000002A4 /* HTTPClientSpy.swift */,
				989176B829F1214C000002A4 /* URLProtocolStub.swift */,
				989176B029EFEC95000002A4 /* SharedTestHelpers.swift */,
			);
			path = Helpers;
			sourceTree = "<group>";
		};
		989176BA29F121AD000002A4 /* Helpers */ = {
			isa = PBXGroup;
			children = (
				989176BD29F1220B000002A4 /* AdoptListViewController+TestHelpers.swift */,
				989176BF29F1228A000002A4 /* AdoptListCell+TestHelpers.swift */,
				989176C129F122C1000002A4 /* UIRefreshControl+TestHelpers.swift */,
				989176C329F122D3000002A4 /* UIButton+TestHelpers.swift */,
				989176C529F122E8000002A4 /* UIImage+TestHelpers.swift */,
			);
			path = Helpers;
			sourceTree = "<group>";
		};
		98F23B2329F6862500E7FCB0 /* Helpers */ = {
			isa = PBXGroup;
			children = (
				98F23B2429F6863D00E7FCB0 /* Constants.swift */,
				9891765929E89BFD000002A4 /* StringProtocol+Extension.swift */,
				9891765B29E90FB2000002A4 /* UIView+Extension.swift */,
				9891766B29EC0A60000002A4 /* UICollectionView+Extension.swift */,
				9891766D29EC0AB0000002A4 /* UICollectionViewCell+Extension.swift */,
				98F23B1F29F64A5D00E7FCB0 /* UIColor+Extension.swift */,
			);
			path = Helpers;
			sourceTree = "<group>";
		};
/* End PBXGroup section */

/* Begin PBXNativeTarget section */
		9891761829E80211000002A4 /* FindYourOnlysClone */ = {
			isa = PBXNativeTarget;
			buildConfigurationList = 9891764329E80212000002A4 /* Build configuration list for PBXNativeTarget "FindYourOnlysClone" */;
			buildPhases = (
				9891761529E80211000002A4 /* Sources */,
				9891761629E80211000002A4 /* Frameworks */,
				9891761729E80211000002A4 /* Resources */,
			);
			buildRules = (
			);
			dependencies = (
			);
			name = FindYourOnlysClone;
			productName = FindYourOnlysClone;
			productReference = 9891761929E80211000002A4 /* FindYourOnlysClone.app */;
			productType = "com.apple.product-type.application";
		};
		9891762E29E80212000002A4 /* FindYourOnlysCloneTests */ = {
			isa = PBXNativeTarget;
			buildConfigurationList = 9891764629E80212000002A4 /* Build configuration list for PBXNativeTarget "FindYourOnlysCloneTests" */;
			buildPhases = (
				9891762B29E80212000002A4 /* Sources */,
				9891762C29E80212000002A4 /* Frameworks */,
				9891762D29E80212000002A4 /* Resources */,
			);
			buildRules = (
			);
			dependencies = (
				9891763129E80212000002A4 /* PBXTargetDependency */,
			);
			name = FindYourOnlysCloneTests;
			productName = FindYourOnlysCloneTests;
			productReference = 9891762F29E80212000002A4 /* FindYourOnlysCloneTests.xctest */;
			productType = "com.apple.product-type.bundle.unit-test";
		};
		989176A429EE9E94000002A4 /* FindYourOnlysCloneAPIEndToEndTests */ = {
			isa = PBXNativeTarget;
			buildConfigurationList = 989176AD29EE9E94000002A4 /* Build configuration list for PBXNativeTarget "FindYourOnlysCloneAPIEndToEndTests" */;
			buildPhases = (
				989176A129EE9E94000002A4 /* Sources */,
				989176A229EE9E94000002A4 /* Frameworks */,
				989176A329EE9E94000002A4 /* Resources */,
			);
			buildRules = (
			);
			dependencies = (
				989176AA29EE9E94000002A4 /* PBXTargetDependency */,
			);
			name = FindYourOnlysCloneAPIEndToEndTests;
			productName = FindYourOnlysCloneAPIEndToEndTests;
			productReference = 989176A529EE9E94000002A4 /* FindYourOnlysCloneAPIEndToEndTests.xctest */;
			productType = "com.apple.product-type.bundle.unit-test";
		};
/* End PBXNativeTarget section */

/* Begin PBXProject section */
		9891761129E80211000002A4 /* Project object */ = {
			isa = PBXProject;
			attributes = {
				BuildIndependentTargetsInParallel = 1;
				LastSwiftUpdateCheck = 1420;
				LastUpgradeCheck = 1420;
				TargetAttributes = {
					9891761829E80211000002A4 = {
						CreatedOnToolsVersion = 14.2;
					};
					9891762E29E80212000002A4 = {
						CreatedOnToolsVersion = 14.2;
						TestTargetID = 9891761829E80211000002A4;
					};
					989176A429EE9E94000002A4 = {
						CreatedOnToolsVersion = 14.2;
						TestTargetID = 9891761829E80211000002A4;
					};
				};
			};
			buildConfigurationList = 9891761429E80211000002A4 /* Build configuration list for PBXProject "FindYourOnlysClone" */;
			compatibilityVersion = "Xcode 14.0";
			developmentRegion = en;
			hasScannedForEncodings = 0;
			knownRegions = (
				en,
				Base,
			);
			mainGroup = 9891761029E80211000002A4;
			productRefGroup = 9891761A29E80211000002A4 /* Products */;
			projectDirPath = "";
			projectRoot = "";
			targets = (
				9891761829E80211000002A4 /* FindYourOnlysClone */,
				9891762E29E80212000002A4 /* FindYourOnlysCloneTests */,
				989176A429EE9E94000002A4 /* FindYourOnlysCloneAPIEndToEndTests */,
			);
		};
/* End PBXProject section */

/* Begin PBXResourcesBuildPhase section */
		9891761729E80211000002A4 /* Resources */ = {
			isa = PBXResourcesBuildPhase;
			buildActionMask = 2147483647;
			files = (
				9891762929E80212000002A4 /* LaunchScreen.storyboard in Resources */,
				9891762629E80212000002A4 /* Assets.xcassets in Resources */,
			);
			runOnlyForDeploymentPostprocessing = 0;
		};
		9891762D29E80212000002A4 /* Resources */ = {
			isa = PBXResourcesBuildPhase;
			buildActionMask = 2147483647;
			files = (
			);
			runOnlyForDeploymentPostprocessing = 0;
		};
		989176A329EE9E94000002A4 /* Resources */ = {
			isa = PBXResourcesBuildPhase;
			buildActionMask = 2147483647;
			files = (
			);
			runOnlyForDeploymentPostprocessing = 0;
		};
/* End PBXResourcesBuildPhase section */

/* Begin PBXSourcesBuildPhase section */
		9891761529E80211000002A4 /* Sources */ = {
			isa = PBXSourcesBuildPhase;
			buildActionMask = 2147483647;
			files = (
				9891766C29EC0A60000002A4 /* UICollectionView+Extension.swift in Sources */,
				9891766229E99A20000002A4 /* AdoptListCellViewModel.swift in Sources */,
				9891768D29ED3BED000002A4 /* PetsMapper.swift in Sources */,
				98F23B1E29F5A85A00E7FCB0 /* AdoptListPaginationViewModel.swift in Sources */,
				9891765029E89B35000002A4 /* AdoptListRequest.swift in Sources */,
				9891764E29E89B08000002A4 /* Pet.swift in Sources */,
				9891768929ECBB01000002A4 /* RemotePetLoader.swift in Sources */,
				9891765729E89BC6000002A4 /* AdoptListViewController.swift in Sources */,
				9891766429E99A44000002A4 /* AdoptListCellViewController.swift in Sources */,
				98F23B2029F64A5D00E7FCB0 /* UIColor+Extension.swift in Sources */,
				9891765529E89BA5000002A4 /* AdoptListCell.swift in Sources */,
				98F23B2229F6742400E7FCB0 /* ErrorView.swift in Sources */,
				9891765E29E91C9D000002A4 /* PetImageDataLoader.swift in Sources */,
				9891765A29E89BFD000002A4 /* StringProtocol+Extension.swift in Sources */,
				9891761D29E80211000002A4 /* AppDelegate.swift in Sources */,
				98F23B1C29F5A81C00E7FCB0 /* AdoptListPaginationViewController.swift in Sources */,
				9891765229E89B55000002A4 /* PetLoader.swift in Sources */,
				9891766E29EC0AB0000002A4 /* UICollectionViewCell+Extension.swift in Sources */,
				989176B529F10505000002A4 /* RemotePetImageDataLoader.swift in Sources */,
				9891765C29E90FB2000002A4 /* UIView+Extension.swift in Sources */,
				9891768B29ECBB4C000002A4 /* RemotePet.swift in Sources */,
				9891769329EE84B4000002A4 /* URLSessionHTTPClient.swift in Sources */,
				9891768729ECBAE1000002A4 /* HTTPClient.swift in Sources */,
				9891761F29E80211000002A4 /* SceneDelegate.swift in Sources */,
				9891766A29E99C13000002A4 /* AdoptListUIComposer.swift in Sources */,
				9891766029E98563000002A4 /* AdoptListViewModel.swift in Sources */,
				98F23B2529F6863D00E7FCB0 /* Constants.swift in Sources */,
			);
			runOnlyForDeploymentPostprocessing = 0;
		};
		9891762B29E80212000002A4 /* Sources */ = {
			isa = PBXSourcesBuildPhase;
			buildActionMask = 2147483647;
			files = (
				9891767F29EC8566000002A4 /* RemotePetLoaderTests.swift in Sources */,
				989176C229F122C1000002A4 /* UIRefreshControl+TestHelpers.swift in Sources */,
				989176AF29EFCBFE000002A4 /* RemotePetImageDataLoaderTests.swift in Sources */,
				989176C629F122E8000002A4 /* UIImage+TestHelpers.swift in Sources */,
				989176B129EFEC95000002A4 /* SharedTestHelpers.swift in Sources */,
				989176BC29F121B4000002A4 /* PetLoaderSpy.swift in Sources */,
				989176B929F1214C000002A4 /* URLProtocolStub.swift in Sources */,
				9891763429E80212000002A4 /* AdoptListUIIntegrationTests.swift in Sources */,
				989176C029F1228A000002A4 /* AdoptListCell+TestHelpers.swift in Sources */,
				9891768229EC945F000002A4 /* XCTestCase+MemoryLeakTracking.swift in Sources */,
				989176BE29F1220B000002A4 /* AdoptListViewController+TestHelpers.swift in Sources */,
				989176B329F092F2000002A4 /* HTTPClientSpy.swift in Sources */,
				9891769129ED42A9000002A4 /* URLSessionHTTPClientTests.swift in Sources */,
				989176C429F122D3000002A4 /* UIButton+TestHelpers.swift in Sources */,
			);
			runOnlyForDeploymentPostprocessing = 0;
		};
		989176A129EE9E94000002A4 /* Sources */ = {
			isa = PBXSourcesBuildPhase;
			buildActionMask = 2147483647;
			files = (
				989176A829EE9E94000002A4 /* AdoptListAPIEndToEndTests.swift in Sources */,
				989176B629F11C03000002A4 /* XCTestCase+MemoryLeakTracking.swift in Sources */,
			);
			runOnlyForDeploymentPostprocessing = 0;
		};
/* End PBXSourcesBuildPhase section */

/* Begin PBXTargetDependency section */
		9891763129E80212000002A4 /* PBXTargetDependency */ = {
			isa = PBXTargetDependency;
			target = 9891761829E80211000002A4 /* FindYourOnlysClone */;
			targetProxy = 9891763029E80212000002A4 /* PBXContainerItemProxy */;
		};
		989176AA29EE9E94000002A4 /* PBXTargetDependency */ = {
			isa = PBXTargetDependency;
			target = 9891761829E80211000002A4 /* FindYourOnlysClone */;
			targetProxy = 989176A929EE9E94000002A4 /* PBXContainerItemProxy */;
		};
/* End PBXTargetDependency section */

/* Begin PBXVariantGroup section */
		9891762729E80212000002A4 /* LaunchScreen.storyboard */ = {
			isa = PBXVariantGroup;
			children = (
				9891762829E80212000002A4 /* Base */,
			);
			name = LaunchScreen.storyboard;
			sourceTree = "<group>";
		};
/* End PBXVariantGroup section */

/* Begin XCBuildConfiguration section */
		9891764129E80212000002A4 /* Debug */ = {
			isa = XCBuildConfiguration;
			buildSettings = {
				ALWAYS_SEARCH_USER_PATHS = NO;
				CLANG_ANALYZER_NONNULL = YES;
				CLANG_ANALYZER_NUMBER_OBJECT_CONVERSION = YES_AGGRESSIVE;
				CLANG_CXX_LANGUAGE_STANDARD = "gnu++20";
				CLANG_ENABLE_MODULES = YES;
				CLANG_ENABLE_OBJC_ARC = YES;
				CLANG_ENABLE_OBJC_WEAK = YES;
				CLANG_WARN_BLOCK_CAPTURE_AUTORELEASING = YES;
				CLANG_WARN_BOOL_CONVERSION = YES;
				CLANG_WARN_COMMA = YES;
				CLANG_WARN_CONSTANT_CONVERSION = YES;
				CLANG_WARN_DEPRECATED_OBJC_IMPLEMENTATIONS = YES;
				CLANG_WARN_DIRECT_OBJC_ISA_USAGE = YES_ERROR;
				CLANG_WARN_DOCUMENTATION_COMMENTS = YES;
				CLANG_WARN_EMPTY_BODY = YES;
				CLANG_WARN_ENUM_CONVERSION = YES;
				CLANG_WARN_INFINITE_RECURSION = YES;
				CLANG_WARN_INT_CONVERSION = YES;
				CLANG_WARN_NON_LITERAL_NULL_CONVERSION = YES;
				CLANG_WARN_OBJC_IMPLICIT_RETAIN_SELF = YES;
				CLANG_WARN_OBJC_LITERAL_CONVERSION = YES;
				CLANG_WARN_OBJC_ROOT_CLASS = YES_ERROR;
				CLANG_WARN_QUOTED_INCLUDE_IN_FRAMEWORK_HEADER = YES;
				CLANG_WARN_RANGE_LOOP_ANALYSIS = YES;
				CLANG_WARN_STRICT_PROTOTYPES = YES;
				CLANG_WARN_SUSPICIOUS_MOVE = YES;
				CLANG_WARN_UNGUARDED_AVAILABILITY = YES_AGGRESSIVE;
				CLANG_WARN_UNREACHABLE_CODE = YES;
				CLANG_WARN__DUPLICATE_METHOD_MATCH = YES;
				COPY_PHASE_STRIP = NO;
				DEBUG_INFORMATION_FORMAT = dwarf;
				ENABLE_STRICT_OBJC_MSGSEND = YES;
				ENABLE_TESTABILITY = YES;
				GCC_C_LANGUAGE_STANDARD = gnu11;
				GCC_DYNAMIC_NO_PIC = NO;
				GCC_NO_COMMON_BLOCKS = YES;
				GCC_OPTIMIZATION_LEVEL = 0;
				GCC_PREPROCESSOR_DEFINITIONS = (
					"DEBUG=1",
					"$(inherited)",
				);
				GCC_WARN_64_TO_32_BIT_CONVERSION = YES;
				GCC_WARN_ABOUT_RETURN_TYPE = YES_ERROR;
				GCC_WARN_UNDECLARED_SELECTOR = YES;
				GCC_WARN_UNINITIALIZED_AUTOS = YES_AGGRESSIVE;
				GCC_WARN_UNUSED_FUNCTION = YES;
				GCC_WARN_UNUSED_VARIABLE = YES;
				IPHONEOS_DEPLOYMENT_TARGET = 13.0;
				MTL_ENABLE_DEBUG_INFO = INCLUDE_SOURCE;
				MTL_FAST_MATH = YES;
				ONLY_ACTIVE_ARCH = YES;
				SDKROOT = iphoneos;
				SWIFT_ACTIVE_COMPILATION_CONDITIONS = DEBUG;
				SWIFT_OPTIMIZATION_LEVEL = "-Onone";
			};
			name = Debug;
		};
		9891764229E80212000002A4 /* Release */ = {
			isa = XCBuildConfiguration;
			buildSettings = {
				ALWAYS_SEARCH_USER_PATHS = NO;
				CLANG_ANALYZER_NONNULL = YES;
				CLANG_ANALYZER_NUMBER_OBJECT_CONVERSION = YES_AGGRESSIVE;
				CLANG_CXX_LANGUAGE_STANDARD = "gnu++20";
				CLANG_ENABLE_MODULES = YES;
				CLANG_ENABLE_OBJC_ARC = YES;
				CLANG_ENABLE_OBJC_WEAK = YES;
				CLANG_WARN_BLOCK_CAPTURE_AUTORELEASING = YES;
				CLANG_WARN_BOOL_CONVERSION = YES;
				CLANG_WARN_COMMA = YES;
				CLANG_WARN_CONSTANT_CONVERSION = YES;
				CLANG_WARN_DEPRECATED_OBJC_IMPLEMENTATIONS = YES;
				CLANG_WARN_DIRECT_OBJC_ISA_USAGE = YES_ERROR;
				CLANG_WARN_DOCUMENTATION_COMMENTS = YES;
				CLANG_WARN_EMPTY_BODY = YES;
				CLANG_WARN_ENUM_CONVERSION = YES;
				CLANG_WARN_INFINITE_RECURSION = YES;
				CLANG_WARN_INT_CONVERSION = YES;
				CLANG_WARN_NON_LITERAL_NULL_CONVERSION = YES;
				CLANG_WARN_OBJC_IMPLICIT_RETAIN_SELF = YES;
				CLANG_WARN_OBJC_LITERAL_CONVERSION = YES;
				CLANG_WARN_OBJC_ROOT_CLASS = YES_ERROR;
				CLANG_WARN_QUOTED_INCLUDE_IN_FRAMEWORK_HEADER = YES;
				CLANG_WARN_RANGE_LOOP_ANALYSIS = YES;
				CLANG_WARN_STRICT_PROTOTYPES = YES;
				CLANG_WARN_SUSPICIOUS_MOVE = YES;
				CLANG_WARN_UNGUARDED_AVAILABILITY = YES_AGGRESSIVE;
				CLANG_WARN_UNREACHABLE_CODE = YES;
				CLANG_WARN__DUPLICATE_METHOD_MATCH = YES;
				COPY_PHASE_STRIP = NO;
				DEBUG_INFORMATION_FORMAT = "dwarf-with-dsym";
				ENABLE_NS_ASSERTIONS = NO;
				ENABLE_STRICT_OBJC_MSGSEND = YES;
				GCC_C_LANGUAGE_STANDARD = gnu11;
				GCC_NO_COMMON_BLOCKS = YES;
				GCC_WARN_64_TO_32_BIT_CONVERSION = YES;
				GCC_WARN_ABOUT_RETURN_TYPE = YES_ERROR;
				GCC_WARN_UNDECLARED_SELECTOR = YES;
				GCC_WARN_UNINITIALIZED_AUTOS = YES_AGGRESSIVE;
				GCC_WARN_UNUSED_FUNCTION = YES;
				GCC_WARN_UNUSED_VARIABLE = YES;
				IPHONEOS_DEPLOYMENT_TARGET = 13.0;
				MTL_ENABLE_DEBUG_INFO = NO;
				MTL_FAST_MATH = YES;
				SDKROOT = iphoneos;
				SWIFT_COMPILATION_MODE = wholemodule;
				SWIFT_OPTIMIZATION_LEVEL = "-O";
				VALIDATE_PRODUCT = YES;
			};
			name = Release;
		};
		9891764429E80212000002A4 /* Debug */ = {
			isa = XCBuildConfiguration;
			buildSettings = {
				ASSETCATALOG_COMPILER_APPICON_NAME = AppIcon;
				ASSETCATALOG_COMPILER_GLOBAL_ACCENT_COLOR_NAME = AccentColor;
				CODE_SIGN_STYLE = Automatic;
				CURRENT_PROJECT_VERSION = 1;
				DEVELOPMENT_TEAM = 6D8CRTN6K7;
				GENERATE_INFOPLIST_FILE = YES;
				INFOPLIST_FILE = FindYourOnlysClone/Info.plist;
				INFOPLIST_KEY_UIApplicationSupportsIndirectInputEvents = YES;
				INFOPLIST_KEY_UILaunchStoryboardName = LaunchScreen;
				INFOPLIST_KEY_UISupportedInterfaceOrientations = UIInterfaceOrientationPortrait;
				IPHONEOS_DEPLOYMENT_TARGET = 13.0;
				LD_RUNPATH_SEARCH_PATHS = (
					"$(inherited)",
					"@executable_path/Frameworks",
				);
				MARKETING_VERSION = 1.0;
				PRODUCT_BUNDLE_IDENTIFIER = com.waynecheng.FindYourOnlysClone;
				PRODUCT_NAME = "$(TARGET_NAME)";
				SWIFT_EMIT_LOC_STRINGS = YES;
				SWIFT_VERSION = 5.0;
				TARGETED_DEVICE_FAMILY = "1,2";
			};
			name = Debug;
		};
		9891764529E80212000002A4 /* Release */ = {
			isa = XCBuildConfiguration;
			buildSettings = {
				ASSETCATALOG_COMPILER_APPICON_NAME = AppIcon;
				ASSETCATALOG_COMPILER_GLOBAL_ACCENT_COLOR_NAME = AccentColor;
				CODE_SIGN_STYLE = Automatic;
				CURRENT_PROJECT_VERSION = 1;
				DEVELOPMENT_TEAM = 6D8CRTN6K7;
				GENERATE_INFOPLIST_FILE = YES;
				INFOPLIST_FILE = FindYourOnlysClone/Info.plist;
				INFOPLIST_KEY_UIApplicationSupportsIndirectInputEvents = YES;
				INFOPLIST_KEY_UILaunchStoryboardName = LaunchScreen;
				INFOPLIST_KEY_UISupportedInterfaceOrientations = UIInterfaceOrientationPortrait;
				IPHONEOS_DEPLOYMENT_TARGET = 13.0;
				LD_RUNPATH_SEARCH_PATHS = (
					"$(inherited)",
					"@executable_path/Frameworks",
				);
				MARKETING_VERSION = 1.0;
				PRODUCT_BUNDLE_IDENTIFIER = com.waynecheng.FindYourOnlysClone;
				PRODUCT_NAME = "$(TARGET_NAME)";
				SWIFT_EMIT_LOC_STRINGS = YES;
				SWIFT_VERSION = 5.0;
				TARGETED_DEVICE_FAMILY = "1,2";
			};
			name = Release;
		};
		9891764729E80212000002A4 /* Debug */ = {
			isa = XCBuildConfiguration;
			buildSettings = {
				ALWAYS_EMBED_SWIFT_STANDARD_LIBRARIES = YES;
				BUNDLE_LOADER = "$(TEST_HOST)";
				CODE_SIGN_STYLE = Automatic;
				CURRENT_PROJECT_VERSION = 1;
				DEVELOPMENT_TEAM = 6D8CRTN6K7;
				GENERATE_INFOPLIST_FILE = YES;
				IPHONEOS_DEPLOYMENT_TARGET = 16.2;
				MARKETING_VERSION = 1.0;
				PRODUCT_BUNDLE_IDENTIFIER = com.waynecheng.FindYourOnlysCloneTests;
				PRODUCT_NAME = "$(TARGET_NAME)";
				SWIFT_EMIT_LOC_STRINGS = NO;
				SWIFT_VERSION = 5.0;
				TARGETED_DEVICE_FAMILY = "1,2";
				TEST_HOST = "$(BUILT_PRODUCTS_DIR)/FindYourOnlysClone.app/$(BUNDLE_EXECUTABLE_FOLDER_PATH)/FindYourOnlysClone";
			};
			name = Debug;
		};
		9891764829E80212000002A4 /* Release */ = {
			isa = XCBuildConfiguration;
			buildSettings = {
				ALWAYS_EMBED_SWIFT_STANDARD_LIBRARIES = YES;
				BUNDLE_LOADER = "$(TEST_HOST)";
				CODE_SIGN_STYLE = Automatic;
				CURRENT_PROJECT_VERSION = 1;
				DEVELOPMENT_TEAM = 6D8CRTN6K7;
				GENERATE_INFOPLIST_FILE = YES;
				IPHONEOS_DEPLOYMENT_TARGET = 16.2;
				MARKETING_VERSION = 1.0;
				PRODUCT_BUNDLE_IDENTIFIER = com.waynecheng.FindYourOnlysCloneTests;
				PRODUCT_NAME = "$(TARGET_NAME)";
				SWIFT_EMIT_LOC_STRINGS = NO;
				SWIFT_VERSION = 5.0;
				TARGETED_DEVICE_FAMILY = "1,2";
				TEST_HOST = "$(BUILT_PRODUCTS_DIR)/FindYourOnlysClone.app/$(BUNDLE_EXECUTABLE_FOLDER_PATH)/FindYourOnlysClone";
			};
			name = Release;
		};
		989176AB29EE9E94000002A4 /* Debug */ = {
			isa = XCBuildConfiguration;
			buildSettings = {
				BUNDLE_LOADER = "$(TEST_HOST)";
				CODE_SIGN_STYLE = Automatic;
				CURRENT_PROJECT_VERSION = 1;
				DEVELOPMENT_TEAM = 6D8CRTN6K7;
				GENERATE_INFOPLIST_FILE = YES;
				IPHONEOS_DEPLOYMENT_TARGET = 16.2;
				MARKETING_VERSION = 1.0;
				PRODUCT_BUNDLE_IDENTIFIER = com.waynecheng.FindYourOnlysCloneAPIEndToEndTests;
				PRODUCT_NAME = "$(TARGET_NAME)";
				SWIFT_EMIT_LOC_STRINGS = NO;
				SWIFT_VERSION = 5.0;
				TARGETED_DEVICE_FAMILY = "1,2";
				TEST_HOST = "$(BUILT_PRODUCTS_DIR)/FindYourOnlysClone.app/$(BUNDLE_EXECUTABLE_FOLDER_PATH)/FindYourOnlysClone";
			};
			name = Debug;
		};
		989176AC29EE9E94000002A4 /* Release */ = {
			isa = XCBuildConfiguration;
			buildSettings = {
				BUNDLE_LOADER = "$(TEST_HOST)";
				CODE_SIGN_STYLE = Automatic;
				CURRENT_PROJECT_VERSION = 1;
				DEVELOPMENT_TEAM = 6D8CRTN6K7;
				GENERATE_INFOPLIST_FILE = YES;
				IPHONEOS_DEPLOYMENT_TARGET = 16.2;
				MARKETING_VERSION = 1.0;
				PRODUCT_BUNDLE_IDENTIFIER = com.waynecheng.FindYourOnlysCloneAPIEndToEndTests;
				PRODUCT_NAME = "$(TARGET_NAME)";
				SWIFT_EMIT_LOC_STRINGS = NO;
				SWIFT_VERSION = 5.0;
				TARGETED_DEVICE_FAMILY = "1,2";
				TEST_HOST = "$(BUILT_PRODUCTS_DIR)/FindYourOnlysClone.app/$(BUNDLE_EXECUTABLE_FOLDER_PATH)/FindYourOnlysClone";
			};
			name = Release;
		};
/* End XCBuildConfiguration section */

/* Begin XCConfigurationList section */
		9891761429E80211000002A4 /* Build configuration list for PBXProject "FindYourOnlysClone" */ = {
			isa = XCConfigurationList;
			buildConfigurations = (
				9891764129E80212000002A4 /* Debug */,
				9891764229E80212000002A4 /* Release */,
			);
			defaultConfigurationIsVisible = 0;
			defaultConfigurationName = Release;
		};
		9891764329E80212000002A4 /* Build configuration list for PBXNativeTarget "FindYourOnlysClone" */ = {
			isa = XCConfigurationList;
			buildConfigurations = (
				9891764429E80212000002A4 /* Debug */,
				9891764529E80212000002A4 /* Release */,
			);
			defaultConfigurationIsVisible = 0;
			defaultConfigurationName = Release;
		};
		9891764629E80212000002A4 /* Build configuration list for PBXNativeTarget "FindYourOnlysCloneTests" */ = {
			isa = XCConfigurationList;
			buildConfigurations = (
				9891764729E80212000002A4 /* Debug */,
				9891764829E80212000002A4 /* Release */,
			);
			defaultConfigurationIsVisible = 0;
			defaultConfigurationName = Release;
		};
		989176AD29EE9E94000002A4 /* Build configuration list for PBXNativeTarget "FindYourOnlysCloneAPIEndToEndTests" */ = {
			isa = XCConfigurationList;
			buildConfigurations = (
				989176AB29EE9E94000002A4 /* Debug */,
				989176AC29EE9E94000002A4 /* Release */,
			);
			defaultConfigurationIsVisible = 0;
			defaultConfigurationName = Release;
		};
/* End XCConfigurationList section */
	};
	rootObject = 9891761129E80211000002A4 /* Project object */;
}
